
Microsoft Visual Studio Solution File, Format Version 12.00
# Visual Studio Version 16
VisualStudioVersion = 16.0.33214.272
MinimumVisualStudioVersion = 10.0.40219.1
Project("{FAE04EC0-301F-11D3-BF4B-00C04F79EFBC}") = "Paint Job Estimator", "Paint Job Estimator\Paint Job Estimator.csproj", "{EE87B73A-7508-49D0-A5A7-A22D353A4302}"
EndProject
Global
	GlobalSection(SolutionConfigurationPlatforms) = preSolution
		Debug|Any CPU = Debug|Any CPU
		Release|Any CPU = Release|Any CPU
	EndGlobalSection
	GlobalSection(ProjectConfigurationPlatforms) = postSolution
		{EE87B73A-7508-49D0-A5A7-A22D353A4302}.Debug|Any CPU.ActiveCfg = Debug|Any CPU
		{EE87B73A-7508-49D0-A5A7-A22D353A4302}.Debug|Any CPU.Build.0 = Debug|Any CPU
		{EE87B73A-7508-49D0-A5A7-A22D353A4302}.Release|Any CPU.ActiveCfg = Release|Any CPU
		{EE87B73A-7508-49D0-A5A7-A22D353A4302}.Release|Any CPU.Build.0 = Release|Any CPU
	EndGlobalSection
	GlobalSection(SolutionProperties) = preSolution
		HideSolutionNode = FALSE
	EndGlobalSection
	GlobalSection(ExtensibilityGlobals) = postSolution
		SolutionGuid = {6C50373B-2400-4205-A697-F14ACFF9A004}
	EndGlobalSection
EndGlobal
