
Microsoft Visual Studio Solution File, Format Version 12.00
# Visual Studio Version 16
VisualStudioVersion = 16.0.33214.272
MinimumVisualStudioVersion = 10.0.40219.1
Project("{FAE04EC0-301F-11D3-BF4B-00C04F79EFBC}") = "Color Mixer", "Color Mixer\Color Mixer.csproj", "{74D0D696-7867-426B-8AD0-801755FA1BE1}"
EndProject
Global
	GlobalSection(SolutionConfigurationPlatforms) = preSolution
		Debug|Any CPU = Debug|Any CPU
		Release|Any CPU = Release|Any CPU
	EndGlobalSection
	GlobalSection(ProjectConfigurationPlatforms) = postSolution
		{74D0D696-7867-426B-8AD0-801755FA1BE1}.Debug|Any CPU.ActiveCfg = Debug|Any CPU
		{74D0D696-7867-426B-8AD0-801755FA1BE1}.Debug|Any CPU.Build.0 = Debug|Any CPU
		{74D0D696-7867-426B-8AD0-801755FA1BE1}.Release|Any CPU.ActiveCfg = Release|Any CPU
		{74D0D696-7867-426B-8AD0-801755FA1BE1}.Release|Any CPU.Build.0 = Release|Any CPU
	EndGlobalSection
	GlobalSection(SolutionProperties) = preSolution
		HideSolutionNode = FALSE
	EndGlobalSection
	GlobalSection(ExtensibilityGlobals) = postSolution
		SolutionGuid = {A0BAC5D0-EA5E-4D07-8A7F-D1E9A836C0DE}
	EndGlobalSection
EndGlobal
